// !$*UTF8*$!
{
	archiveVersion = 1;
	classes = {
	};
	objectVersion = 50;
	objects = {

/* Begin PBXBuildFile section */
		8D10644223B2FF7D00CDCB18 /* AppDelegate.swift in Sources */ = {isa = PBXBuildFile; fileRef = 8D10644123B2FF7D00CDCB18 /* AppDelegate.swift */; };
		8D10644423B2FF7D00CDCB18 /* SceneDelegate.swift in Sources */ = {isa = PBXBuildFile; fileRef = 8D10644323B2FF7D00CDCB18 /* SceneDelegate.swift */; };
		8D10644623B2FF7D00CDCB18 /* ViewController.swift in Sources */ = {isa = PBXBuildFile; fileRef = 8D10644523B2FF7D00CDCB18 /* ViewController.swift */; };
		8D10644923B2FF7D00CDCB18 /* Main.storyboard in Resources */ = {isa = PBXBuildFile; fileRef = 8D10644723B2FF7D00CDCB18 /* Main.storyboard */; };
		8D10644B23B2FF8000CDCB18 /* Assets.xcassets in Resources */ = {isa = PBXBuildFile; fileRef = 8D10644A23B2FF8000CDCB18 /* Assets.xcassets */; };
		8D10644E23B2FF8000CDCB18 /* LaunchScreen.storyboard in Resources */ = {isa = PBXBuildFile; fileRef = 8D10644C23B2FF8000CDCB18 /* LaunchScreen.storyboard */; };
		8D10645923B2FF8000CDCB18 /* I_Iron_ManTests.swift in Sources */ = {isa = PBXBuildFile; fileRef = 8D10645823B2FF8000CDCB18 /* I_Iron_ManTests.swift */; };
		8D10646423B2FF8000CDCB18 /* I_Iron_ManUITests.swift in Sources */ = {isa = PBXBuildFile; fileRef = 8D10646323B2FF8000CDCB18 /* I_Iron_ManUITests.swift */; };
/* End PBXBuildFile section */

/* Begin PBXContainerItemProxy section */
		8D10645523B2FF8000CDCB18 /* PBXContainerItemProxy */ = {
			isa = PBXContainerItemProxy;
			containerPortal = 8D10643623B2FF7D00CDCB18 /* Project object */;
			proxyType = 1;
			remoteGlobalIDString = 8D10643D23B2FF7D00CDCB18;
			remoteInfo = "I Iron Man";
		};
		8D10646023B2FF8000CDCB18 /* PBXContainerItemProxy */ = {
			isa = PBXContainerItemProxy;
			containerPortal = 8D10643623B2FF7D00CDCB18 /* Project object */;
			proxyType = 1;
			remoteGlobalIDString = 8D10643D23B2FF7D00CDCB18;
			remoteInfo = "I Iron Man";
		};
/* End PBXContainerItemProxy section */

/* Begin PBXFileReference section */
		8D10643E23B2FF7D00CDCB18 /* I Iron Man.app */ = {isa = PBXFileReference; explicitFileType = wrapper.application; includeInIndex = 0; path = "I Iron Man.app"; sourceTree = BUILT_PRODUCTS_DIR; };
		8D10644123B2FF7D00CDCB18 /* AppDelegate.swift */ = {isa = PBXFileReference; lastKnownFileType = sourcecode.swift; path = AppDelegate.swift; sourceTree = "<group>"; };
		8D10644323B2FF7D00CDCB18 /* SceneDelegate.swift */ = {isa = PBXFileReference; lastKnownFileType = sourcecode.swift; path = SceneDelegate.swift; sourceTree = "<group>"; };
		8D10644523B2FF7D00CDCB18 /* ViewController.swift */ = {isa = PBXFileReference; lastKnownFileType = sourcecode.swift; path = ViewController.swift; sourceTree = "<group>"; };
		8D10644823B2FF7D00CDCB18 /* Base */ = {isa = PBXFileReference; lastKnownFileType = file.storyboard; name = Base; path = Base.lproj/Main.storyboard; sourceTree = "<group>"; };
		8D10644A23B2FF8000CDCB18 /* Assets.xcassets */ = {isa = PBXFileReference; lastKnownFileType = folder.assetcatalog; path = Assets.xcassets; sourceTree = "<group>"; };
		8D10644D23B2FF8000CDCB18 /* Base */ = {isa = PBXFileReference; lastKnownFileType = file.storyboard; name = Base; path = Base.lproj/LaunchScreen.storyboard; sourceTree = "<group>"; };
		8D10644F23B2FF8000CDCB18 /* Info.plist */ = {isa = PBXFileReference; lastKnownFileType = text.plist.xml; path = Info.plist; sourceTree = "<group>"; };
		8D10645423B2FF8000CDCB18 /* I Iron ManTests.xctest */ = {isa = PBXFileReference; explicitFileType = wrapper.cfbundle; includeInIndex = 0; path = "I Iron ManTests.xctest"; sourceTree = BUILT_PRODUCTS_DIR; };
		8D10645823B2FF8000CDCB18 /* I_Iron_ManTests.swift */ = {isa = PBXFileReference; lastKnownFileType = sourcecode.swift; path = I_Iron_ManTests.swift; sourceTree = "<group>"; };
		8D10645A23B2FF8000CDCB18 /* Info.plist */ = {isa = PBXFileReference; lastKnownFileType = text.plist.xml; path = Info.plist; sourceTree = "<group>"; };
		8D10645F23B2FF8000CDCB18 /* I Iron ManUITests.xctest */ = {isa = PBXFileReference; explicitFileType = wrapper.cfbundle; includeInIndex = 0; path = "I Iron ManUITests.xctest"; sourceTree = BUILT_PRODUCTS_DIR; };
		8D10646323B2FF8000CDCB18 /* I_Iron_ManUITests.swift */ = {isa = PBXFileReference; lastKnownFileType = sourcecode.swift; path = I_Iron_ManUITests.swift; sourceTree = "<group>"; };
		8D10646523B2FF8000CDCB18 /* Info.plist */ = {isa = PBXFileReference; lastKnownFileType = text.plist.xml; path = Info.plist; sourceTree = "<group>"; };
/* End PBXFileReference section */

/* Begin PBXFrameworksBuildPhase section */
		8D10643B23B2FF7D00CDCB18 /* Frameworks */ = {
			isa = PBXFrameworksBuildPhase;
			buildActionMask = 2147483647;
			files = (
			);
			runOnlyForDeploymentPostprocessing = 0;
		};
		8D10645123B2FF8000CDCB18 /* Frameworks */ = {
			isa = PBXFrameworksBuildPhase;
			buildActionMask = 2147483647;
			files = (
			);
			runOnlyForDeploymentPostprocessing = 0;
		};
		8D10645C23B2FF8000CDCB18 /* Frameworks */ = {
			isa = PBXFrameworksBuildPhase;
			buildActionMask = 2147483647;
			files = (
			);
			runOnlyForDeploymentPostprocessing = 0;
		};
/* End PBXFrameworksBuildPhase section */

/* Begin PBXGroup section */
		8D10643523B2FF7D00CDCB18 = {
			isa = PBXGroup;
			children = (
				8D10644023B2FF7D00CDCB18 /* I Iron Man */,
				8D10645723B2FF8000CDCB18 /* I Iron ManTests */,
				8D10646223B2FF8000CDCB18 /* I Iron ManUITests */,
				8D10643F23B2FF7D00CDCB18 /* Products */,
			);
			sourceTree = "<group>";
		};
		8D10643F23B2FF7D00CDCB18 /* Products */ = {
			isa = PBXGroup;
			children = (
				8D10643E23B2FF7D00CDCB18 /* I Iron Man.app */,
				8D10645423B2FF8000CDCB18 /* I Iron ManTests.xctest */,
				8D10645F23B2FF8000CDCB18 /* I Iron ManUITests.xctest */,
			);
			name = Products;
			sourceTree = "<group>";
		};
		8D10644023B2FF7D00CDCB18 /* I Iron Man */ = {
			isa = PBXGroup;
			children = (
				8D10644123B2FF7D00CDCB18 /* AppDelegate.swift */,
				8D10644323B2FF7D00CDCB18 /* SceneDelegate.swift */,
				8D10644523B2FF7D00CDCB18 /* ViewController.swift */,
				8D10644723B2FF7D00CDCB18 /* Main.storyboard */,
				8D10644A23B2FF8000CDCB18 /* Assets.xcassets */,
				8D10644C23B2FF8000CDCB18 /* LaunchScreen.storyboard */,
				8D10644F23B2FF8000CDCB18 /* Info.plist */,
			);
			path = "I Iron Man";
			sourceTree = "<group>";
		};
		8D10645723B2FF8000CDCB18 /* I Iron ManTests */ = {
			isa = PBXGroup;
			children = (
				8D10645823B2FF8000CDCB18 /* I_Iron_ManTests.swift */,
				8D10645A23B2FF8000CDCB18 /* Info.plist */,
			);
			path = "I Iron ManTests";
			sourceTree = "<group>";
		};
		8D10646223B2FF8000CDCB18 /* I Iron ManUITests */ = {
			isa = PBXGroup;
			children = (
				8D10646323B2FF8000CDCB18 /* I_Iron_ManUITests.swift */,
				8D10646523B2FF8000CDCB18 /* Info.plist */,
			);
			path = "I Iron ManUITests";
			sourceTree = "<group>";
		};
/* End PBXGroup section */

/* Begin PBXNativeTarget section */
		8D10643D23B2FF7D00CDCB18 /* I Iron Man */ = {
			isa = PBXNativeTarget;
			buildConfigurationList = 8D10646823B2FF8000CDCB18 /* Build configuration list for PBXNativeTarget "I Iron Man" */;
			buildPhases = (
				8D10643A23B2FF7D00CDCB18 /* Sources */,
				8D10643B23B2FF7D00CDCB18 /* Frameworks */,
				8D10643C23B2FF7D00CDCB18 /* Resources */,
			);
			buildRules = (
			);
			dependencies = (
			);
			name = "I Iron Man";
			productName = "I Iron Man";
			productReference = 8D10643E23B2FF7D00CDCB18 /* I Iron Man.app */;
			productType = "com.apple.product-type.application";
		};
		8D10645323B2FF8000CDCB18 /* I Iron ManTests */ = {
			isa = PBXNativeTarget;
			buildConfigurationList = 8D10646B23B2FF8000CDCB18 /* Build configuration list for PBXNativeTarget "I Iron ManTests" */;
			buildPhases = (
				8D10645023B2FF8000CDCB18 /* Sources */,
				8D10645123B2FF8000CDCB18 /* Frameworks */,
				8D10645223B2FF8000CDCB18 /* Resources */,
			);
			buildRules = (
			);
			dependencies = (
				8D10645623B2FF8000CDCB18 /* PBXTargetDependency */,
			);
			name = "I Iron ManTests";
			productName = "I Iron ManTests";
			productReference = 8D10645423B2FF8000CDCB18 /* I Iron ManTests.xctest */;
			productType = "com.apple.product-type.bundle.unit-test";
		};
		8D10645E23B2FF8000CDCB18 /* I Iron ManUITests */ = {
			isa = PBXNativeTarget;
			buildConfigurationList = 8D10646E23B2FF8000CDCB18 /* Build configuration list for PBXNativeTarget "I Iron ManUITests" */;
			buildPhases = (
				8D10645B23B2FF8000CDCB18 /* Sources */,
				8D10645C23B2FF8000CDCB18 /* Frameworks */,
				8D10645D23B2FF8000CDCB18 /* Resources */,
			);
			buildRules = (
			);
			dependencies = (
				8D10646123B2FF8000CDCB18 /* PBXTargetDependency */,
			);
			name = "I Iron ManUITests";
			productName = "I Iron ManUITests";
			productReference = 8D10645F23B2FF8000CDCB18 /* I Iron ManUITests.xctest */;
			productType = "com.apple.product-type.bundle.ui-testing";
		};
/* End PBXNativeTarget section */

/* Begin PBXProject section */
		8D10643623B2FF7D00CDCB18 /* Project object */ = {
			isa = PBXProject;
			attributes = {
				LastSwiftUpdateCheck = 1130;
				LastUpgradeCheck = 1130;
				ORGANIZATIONNAME = "Marcos Souza";
				TargetAttributes = {
					8D10643D23B2FF7D00CDCB18 = {
						CreatedOnToolsVersion = 11.3;
					};
					8D10645323B2FF8000CDCB18 = {
						CreatedOnToolsVersion = 11.3;
						TestTargetID = 8D10643D23B2FF7D00CDCB18;
					};
					8D10645E23B2FF8000CDCB18 = {
						CreatedOnToolsVersion = 11.3;
						TestTargetID = 8D10643D23B2FF7D00CDCB18;
					};
				};
			};
			buildConfigurationList = 8D10643923B2FF7D00CDCB18 /* Build configuration list for PBXProject "I Iron Man" */;
			compatibilityVersion = "Xcode 9.3";
			developmentRegion = en;
			hasScannedForEncodings = 0;
			knownRegions = (
				en,
				Base,
			);
			mainGroup = 8D10643523B2FF7D00CDCB18;
			productRefGroup = 8D10643F23B2FF7D00CDCB18 /* Products */;
			projectDirPath = "";
			projectRoot = "";
			targets = (
				8D10643D23B2FF7D00CDCB18 /* I Iron Man */,
				8D10645323B2FF8000CDCB18 /* I Iron ManTests */,
				8D10645E23B2FF8000CDCB18 /* I Iron ManUITests */,
			);
		};
/* End PBXProject section */

/* Begin PBXResourcesBuildPhase section */
		8D10643C23B2FF7D00CDCB18 /* Resources */ = {
			isa = PBXResourcesBuildPhase;
			buildActionMask = 2147483647;
			files = (
				8D10644E23B2FF8000CDCB18 /* LaunchScreen.storyboard in Resources */,
				8D10644B23B2FF8000CDCB18 /* Assets.xcassets in Resources */,
				8D10644923B2FF7D00CDCB18 /* Main.storyboard in Resources */,
			);
			runOnlyForDeploymentPostprocessing = 0;
		};
		8D10645223B2FF8000CDCB18 /* Resources */ = {
			isa = PBXResourcesBuildPhase;
			buildActionMask = 2147483647;
			files = (
			);
			runOnlyForDeploymentPostprocessing = 0;
		};
		8D10645D23B2FF8000CDCB18 /* Resources */ = {
			isa = PBXResourcesBuildPhase;
			buildActionMask = 2147483647;
			files = (
			);
			runOnlyForDeploymentPostprocessing = 0;
		};
/* End PBXResourcesBuildPhase section */

/* Begin PBXSourcesBuildPhase section */
		8D10643A23B2FF7D00CDCB18 /* Sources */ = {
			isa = PBXSourcesBuildPhase;
			buildActionMask = 2147483647;
			files = (
				8D10644623B2FF7D00CDCB18 /* ViewController.swift in Sources */,
				8D10644223B2FF7D00CDCB18 /* AppDelegate.swift in Sources */,
				8D10644423B2FF7D00CDCB18 /* SceneDelegate.swift in Sources */,
			);
			runOnlyForDeploymentPostprocessing = 0;
		};
		8D10645023B2FF8000CDCB18 /* Sources */ = {
			isa = PBXSourcesBuildPhase;
			buildActionMask = 2147483647;
			files = (
				8D10645923B2FF8000CDCB18 /* I_Iron_ManTests.swift in Sources */,
			);
			runOnlyForDeploymentPostprocessing = 0;
		};
		8D10645B23B2FF8000CDCB18 /* Sources */ = {
			isa = PBXSourcesBuildPhase;
			buildActionMask = 2147483647;
			files = (
				8D10646423B2FF8000CDCB18 /* I_Iron_ManUITests.swift in Sources */,
			);
			runOnlyForDeploymentPostprocessing = 0;
		};
/* End PBXSourcesBuildPhase section */

/* Begin PBXTargetDependency section */
		8D10645623B2FF8000CDCB18 /* PBXTargetDependency */ = {
			isa = PBXTargetDependency;
			target = 8D10643D23B2FF7D00CDCB18 /* I Iron Man */;
			targetProxy = 8D10645523B2FF8000CDCB18 /* PBXContainerItemProxy */;
		};
		8D10646123B2FF8000CDCB18 /* PBXTargetDependency */ = {
			isa = PBXTargetDependency;
			target = 8D10643D23B2FF7D00CDCB18 /* I Iron Man */;
			targetProxy = 8D10646023B2FF8000CDCB18 /* PBXContainerItemProxy */;
		};
/* End PBXTargetDependency section */

/* Begin PBXVariantGroup section */
		8D10644723B2FF7D00CDCB18 /* Main.storyboard */ = {
			isa = PBXVariantGroup;
			children = (
				8D10644823B2FF7D00CDCB18 /* Base */,
			);
			name = Main.storyboard;
			sourceTree = "<group>";
		};
		8D10644C23B2FF8000CDCB18 /* LaunchScreen.storyboard */ = {
			isa = PBXVariantGroup;
			children = (
				8D10644D23B2FF8000CDCB18 /* Base */,
			);
			name = LaunchScreen.storyboard;
			sourceTree = "<group>";
		};
/* End PBXVariantGroup section */

/* Begin XCBuildConfiguration section */
		8D10646623B2FF8000CDCB18 /* Debug */ = {
			isa = XCBuildConfiguration;
			buildSettings = {
				ALWAYS_SEARCH_USER_PATHS = NO;
				CLANG_ANALYZER_NONNULL = YES;
				CLANG_ANALYZER_NUMBER_OBJECT_CONVERSION = YES_AGGRESSIVE;
				CLANG_CXX_LANGUAGE_STANDARD = "gnu++14";
				CLANG_CXX_LIBRARY = "libc++";
				CLANG_ENABLE_MODULES = YES;
				CLANG_ENABLE_OBJC_ARC = YES;
				CLANG_ENABLE_OBJC_WEAK = YES;
				CLANG_WARN_BLOCK_CAPTURE_AUTORELEASING = YES;
				CLANG_WARN_BOOL_CONVERSION = YES;
				CLANG_WARN_COMMA = YES;
				CLANG_WARN_CONSTANT_CONVERSION = YES;
				CLANG_WARN_DEPRECATED_OBJC_IMPLEMENTATIONS = YES;
				CLANG_WARN_DIRECT_OBJC_ISA_USAGE = YES_ERROR;
				CLANG_WARN_DOCUMENTATION_COMMENTS = YES;
				CLANG_WARN_EMPTY_BODY = YES;
				CLANG_WARN_ENUM_CONVERSION = YES;
				CLANG_WARN_INFINITE_RECURSION = YES;
				CLANG_WARN_INT_CONVERSION = YES;
				CLANG_WARN_NON_LITERAL_NULL_CONVERSION = YES;
				CLANG_WARN_OBJC_IMPLICIT_RETAIN_SELF = YES;
				CLANG_WARN_OBJC_LITERAL_CONVERSION = YES;
				CLANG_WARN_OBJC_ROOT_CLASS = YES_ERROR;
				CLANG_WARN_RANGE_LOOP_ANALYSIS = YES;
				CLANG_WARN_STRICT_PROTOTYPES = YES;
				CLANG_WARN_SUSPICIOUS_MOVE = YES;
				CLANG_WARN_UNGUARDED_AVAILABILITY = YES_AGGRESSIVE;
				CLANG_WARN_UNREACHABLE_CODE = YES;
				CLANG_WARN__DUPLICATE_METHOD_MATCH = YES;
				COPY_PHASE_STRIP = NO;
				DEBUG_INFORMATION_FORMAT = dwarf;
				ENABLE_STRICT_OBJC_MSGSEND = YES;
				ENABLE_TESTABILITY = YES;
				GCC_C_LANGUAGE_STANDARD = gnu11;
				GCC_DYNAMIC_NO_PIC = NO;
				GCC_NO_COMMON_BLOCKS = YES;
				GCC_OPTIMIZATION_LEVEL = 0;
				GCC_PREPROCESSOR_DEFINITIONS = (
					"DEBUG=1",
					"$(inherited)",
				);
				GCC_WARN_64_TO_32_BIT_CONVERSION = YES;
				GCC_WARN_ABOUT_RETURN_TYPE = YES_ERROR;
				GCC_WARN_UNDECLARED_SELECTOR = YES;
				GCC_WARN_UNINITIALIZED_AUTOS = YES_AGGRESSIVE;
				GCC_WARN_UNUSED_FUNCTION = YES;
				GCC_WARN_UNUSED_VARIABLE = YES;
				IPHONEOS_DEPLOYMENT_TARGET = 13.2;
				MTL_ENABLE_DEBUG_INFO = INCLUDE_SOURCE;
				MTL_FAST_MATH = YES;
				ONLY_ACTIVE_ARCH = YES;
				SDKROOT = iphoneos;
				SWIFT_ACTIVE_COMPILATION_CONDITIONS = DEBUG;
				SWIFT_OPTIMIZATION_LEVEL = "-Onone";
			};
			name = Debug;
		};
		8D10646723B2FF8000CDCB18 /* Release */ = {
			isa = XCBuildConfiguration;
			buildSettings = {
				ALWAYS_SEARCH_USER_PATHS = NO;
				CLANG_ANALYZER_NONNULL = YES;
				CLANG_ANALYZER_NUMBER_OBJECT_CONVERSION = YES_AGGRESSIVE;
				CLANG_CXX_LANGUAGE_STANDARD = "gnu++14";
				CLANG_CXX_LIBRARY = "libc++";
				CLANG_ENABLE_MODULES = YES;
				CLANG_ENABLE_OBJC_ARC = YES;
				CLANG_ENABLE_OBJC_WEAK = YES;
				CLANG_WARN_BLOCK_CAPTURE_AUTORELEASING = YES;
				CLANG_WARN_BOOL_CONVERSION = YES;
				CLANG_WARN_COMMA = YES;
				CLANG_WARN_CONSTANT_CONVERSION = YES;
				CLANG_WARN_DEPRECATED_OBJC_IMPLEMENTATIONS = YES;
				CLANG_WARN_DIRECT_OBJC_ISA_USAGE = YES_ERROR;
				CLANG_WARN_DOCUMENTATION_COMMENTS = YES;
				CLANG_WARN_EMPTY_BODY = YES;
				CLANG_WARN_ENUM_CONVERSION = YES;
				CLANG_WARN_INFINITE_RECURSION = YES;
				CLANG_WARN_INT_CONVERSION = YES;
				CLANG_WARN_NON_LITERAL_NULL_CONVERSION = YES;
				CLANG_WARN_OBJC_IMPLICIT_RETAIN_SELF = YES;
				CLANG_WARN_OBJC_LITERAL_CONVERSION = YES;
				CLANG_WARN_OBJC_ROOT_CLASS = YES_ERROR;
				CLANG_WARN_RANGE_LOOP_ANALYSIS = YES;
				CLANG_WARN_STRICT_PROTOTYPES = YES;
				CLANG_WARN_SUSPICIOUS_MOVE = YES;
				CLANG_WARN_UNGUARDED_AVAILABILITY = YES_AGGRESSIVE;
				CLANG_WARN_UNREACHABLE_CODE = YES;
				CLANG_WARN__DUPLICATE_METHOD_MATCH = YES;
				COPY_PHASE_STRIP = NO;
				DEBUG_INFORMATION_FORMAT = "dwarf-with-dsym";
				ENABLE_NS_ASSERTIONS = NO;
				ENABLE_STRICT_OBJC_MSGSEND = YES;
				GCC_C_LANGUAGE_STANDARD = gnu11;
				GCC_NO_COMMON_BLOCKS = YES;
				GCC_WARN_64_TO_32_BIT_CONVERSION = YES;
				GCC_WARN_ABOUT_RETURN_TYPE = YES_ERROR;
				GCC_WARN_UNDECLARED_SELECTOR = YES;
				GCC_WARN_UNINITIALIZED_AUTOS = YES_AGGRESSIVE;
				GCC_WARN_UNUSED_FUNCTION = YES;
				GCC_WARN_UNUSED_VARIABLE = YES;
				IPHONEOS_DEPLOYMENT_TARGET = 13.2;
				MTL_ENABLE_DEBUG_INFO = NO;
				MTL_FAST_MATH = YES;
				SDKROOT = iphoneos;
				SWIFT_COMPILATION_MODE = wholemodule;
				SWIFT_OPTIMIZATION_LEVEL = "-O";
				VALIDATE_PRODUCT = YES;
			};
			name = Release;
		};
		8D10646923B2FF8000CDCB18 /* Debug */ = {
			isa = XCBuildConfiguration;
			buildSettings = {
				ASSETCATALOG_COMPILER_APPICON_NAME = AppIcon;
				CODE_SIGN_STYLE = Automatic;
				INFOPLIST_FILE = "I Iron Man/Info.plist";
				LD_RUNPATH_SEARCH_PATHS = (
					"$(inherited)",
					"@executable_path/Frameworks",
				);
				PRODUCT_BUNDLE_IDENTIFIER = "br.com.marcosouza.I-Iron-Man";
				PRODUCT_NAME = "$(TARGET_NAME)";
				SWIFT_VERSION = 5.0;
				TARGETED_DEVICE_FAMILY = "1,2";
			};
			name = Debug;
		};
		8D10646A23B2FF8000CDCB18 /* Release */ = {
			isa = XCBuildConfiguration;
			buildSettings = {
				ASSETCATALOG_COMPILER_APPICON_NAME = AppIcon;
				CODE_SIGN_STYLE = Automatic;
				INFOPLIST_FILE = "I Iron Man/Info.plist";
				LD_RUNPATH_SEARCH_PATHS = (
					"$(inherited)",
					"@executable_path/Frameworks",
				);
				PRODUCT_BUNDLE_IDENTIFIER = "br.com.marcosouza.I-Iron-Man";
				PRODUCT_NAME = "$(TARGET_NAME)";
				SWIFT_VERSION = 5.0;
				TARGETED_DEVICE_FAMILY = "1,2";
			};
			name = Release;
		};
		8D10646C23B2FF8000CDCB18 /* Debug */ = {
			isa = XCBuildConfiguration;
			buildSettings = {
				ALWAYS_EMBED_SWIFT_STANDARD_LIBRARIES = YES;
				BUNDLE_LOADER = "$(TEST_HOST)";
				CODE_SIGN_STYLE = Automatic;
				INFOPLIST_FILE = "I Iron ManTests/Info.plist";
				IPHONEOS_DEPLOYMENT_TARGET = 13.2;
				LD_RUNPATH_SEARCH_PATHS = (
					"$(inherited)",
					"@executable_path/Frameworks",
					"@loader_path/Frameworks",
				);
				PRODUCT_BUNDLE_IDENTIFIER = "br.com.marcosouza.I-Iron-ManTests";
				PRODUCT_NAME = "$(TARGET_NAME)";
				SWIFT_VERSION = 5.0;
				TARGETED_DEVICE_FAMILY = "1,2";
				TEST_HOST = "$(BUILT_PRODUCTS_DIR)/I Iron Man.app/I Iron Man";
			};
			name = Debug;
		};
		8D10646D23B2FF8000CDCB18 /* Release */ = {
			isa = XCBuildConfiguration;
			buildSettings = {
				ALWAYS_EMBED_SWIFT_STANDARD_LIBRARIES = YES;
				BUNDLE_LOADER = "$(TEST_HOST)";
				CODE_SIGN_STYLE = Automatic;
				INFOPLIST_FILE = "I Iron ManTests/Info.plist";
				IPHONEOS_DEPLOYMENT_TARGET = 13.2;
				LD_RUNPATH_SEARCH_PATHS = (
					"$(inherited)",
					"@executable_path/Frameworks",
					"@loader_path/Frameworks",
				);
				PRODUCT_BUNDLE_IDENTIFIER = "br.com.marcosouza.I-Iron-ManTests";
				PRODUCT_NAME = "$(TARGET_NAME)";
				SWIFT_VERSION = 5.0;
				TARGETED_DEVICE_FAMILY = "1,2";
				TEST_HOST = "$(BUILT_PRODUCTS_DIR)/I Iron Man.app/I Iron Man";
			};
			name = Release;
		};
		8D10646F23B2FF8000CDCB18 /* Debug */ = {
			isa = XCBuildConfiguration;
			buildSettings = {
				ALWAYS_EMBED_SWIFT_STANDARD_LIBRARIES = YES;
				CODE_SIGN_STYLE = Automatic;
				INFOPLIST_FILE = "I Iron ManUITests/Info.plist";
				LD_RUNPATH_SEARCH_PATHS = (
					"$(inherited)",
					"@executable_path/Frameworks",
					"@loader_path/Frameworks",
				);
				PRODUCT_BUNDLE_IDENTIFIER = "br.com.marcosouza.I-Iron-ManUITests";
				PRODUCT_NAME = "$(TARGET_NAME)";
				SWIFT_VERSION = 5.0;
				TARGETED_DEVICE_FAMILY = "1,2";
				TEST_TARGET_NAME = "I Iron Man";
			};
			name = Debug;
		};
		8D10647023B2FF8000CDCB18 /* Release */ = {
			isa = XCBuildConfiguration;
			buildSettings = {
				ALWAYS_EMBED_SWIFT_STANDARD_LIBRARIES = YES;
				CODE_SIGN_STYLE = Automatic;
				INFOPLIST_FILE = "I Iron ManUITests/Info.plist";
				LD_RUNPATH_SEARCH_PATHS = (
					"$(inherited)",
					"@executable_path/Frameworks",
					"@loader_path/Frameworks",
				);
				PRODUCT_BUNDLE_IDENTIFIER = "br.com.marcosouza.I-Iron-ManUITests";
				PRODUCT_NAME = "$(TARGET_NAME)";
				SWIFT_VERSION = 5.0;
				TARGETED_DEVICE_FAMILY = "1,2";
				TEST_TARGET_NAME = "I Iron Man";
			};
			name = Release;
		};
/* End XCBuildConfiguration section */

/* Begin XCConfigurationList section */
		8D10643923B2FF7D00CDCB18 /* Build configuration list for PBXProject "I Iron Man" */ = {
			isa = XCConfigurationList;
			buildConfigurations = (
				8D10646623B2FF8000CDCB18 /* Debug */,
				8D10646723B2FF8000CDCB18 /* Release */,
			);
			defaultConfigurationIsVisible = 0;
			defaultConfigurationName = Release;
		};
		8D10646823B2FF8000CDCB18 /* Build configuration list for PBXNativeTarget "I Iron Man" */ = {
			isa = XCConfigurationList;
			buildConfigurations = (
				8D10646923B2FF8000CDCB18 /* Debug */,
				8D10646A23B2FF8000CDCB18 /* Release */,
			);
			defaultConfigurationIsVisible = 0;
			defaultConfigurationName = Release;
		};
		8D10646B23B2FF8000CDCB18 /* Build configuration list for PBXNativeTarget "I Iron ManTests" */ = {
			isa = XCConfigurationList;
			buildConfigurations = (
				8D10646C23B2FF8000CDCB18 /* Debug */,
				8D10646D23B2FF8000CDCB18 /* Release */,
			);
			defaultConfigurationIsVisible = 0;
			defaultConfigurationName = Release;
		};
		8D10646E23B2FF8000CDCB18 /* Build configuration list for PBXNativeTarget "I Iron ManUITests" */ = {
			isa = XCConfigurationList;
			buildConfigurations = (
				8D10646F23B2FF8000CDCB18 /* Debug */,
				8D10647023B2FF8000CDCB18 /* Release */,
			);
			defaultConfigurationIsVisible = 0;
			defaultConfigurationName = Release;
		};
/* End XCConfigurationList section */
	};
	rootObject = 8D10643623B2FF7D00CDCB18 /* Project object */;
}
